
Microsoft Visual Studio Solution File, Format Version 12.00
# Visual Studio Version 17
VisualStudioVersion = 17.0.32112.339
MinimumVisualStudioVersion = 10.0.40219.1
Project("{9A19103F-16F7-4668-BE54-9A1E7A4F7556}") = "kubernetes_ops.api", "kubernetes_ops.api\kubernetes_ops.api.csproj", "{DCB3A4D3-257E-4827-982F-E2ECC3E7A0D3}"
EndProject
Project("{9A19103F-16F7-4668-BE54-9A1E7A4F7556}") = "kubernetes_ops.service", "kubernetes_ops.service\kubernetes_ops.service.csproj", "{AD5288DC-2A8F-4F8C-884C-94DAC9F59297}"
EndProject
Global
	GlobalSection(SolutionConfigurationPlatforms) = preSolution
		Debug|Any CPU = Debug|Any CPU
		Release|Any CPU = Release|Any CPU
	EndGlobalSection
	GlobalSection(ProjectConfigurationPlatforms) = postSolution
		{DCB3A4D3-257E-4827-982F-E2ECC3E7A0D3}.Debug|Any CPU.ActiveCfg = Debug|Any CPU
		{DCB3A4D3-257E-4827-982F-E2ECC3E7A0D3}.Debug|Any CPU.Build.0 = Debug|Any CPU
		{DCB3A4D3-257E-4827-982F-E2ECC3E7A0D3}.Release|Any CPU.ActiveCfg = Release|Any CPU
		{DCB3A4D3-257E-4827-982F-E2ECC3E7A0D3}.Release|Any CPU.Build.0 = Release|Any CPU
		{AD5288DC-2A8F-4F8C-884C-94DAC9F59297}.Debug|Any CPU.ActiveCfg = Debug|Any CPU
		{AD5288DC-2A8F-4F8C-884C-94DAC9F59297}.Debug|Any CPU.Build.0 = Debug|Any CPU
		{AD5288DC-2A8F-4F8C-884C-94DAC9F59297}.Release|Any CPU.ActiveCfg = Release|Any CPU
		{AD5288DC-2A8F-4F8C-884C-94DAC9F59297}.Release|Any CPU.Build.0 = Release|Any CPU
	EndGlobalSection
	GlobalSection(SolutionProperties) = preSolution
		HideSolutionNode = FALSE
	EndGlobalSection
	GlobalSection(ExtensibilityGlobals) = postSolution
		SolutionGuid = {C1054013-EA25-4BD0-9EC7-0A263D64630C}
	EndGlobalSection
EndGlobal
